
Microsoft Visual Studio Solution File, Format Version 12.00
# Visual Studio Version 17
VisualStudioVersion = 17.11.35312.102
MinimumVisualStudioVersion = 10.0.40219.1
Project("{FAE04EC0-301F-11D3-BF4B-00C04F79EFBC}") = "CSharpEgitimKampi601", "CSharpEgitimKampi601\CSharpEgitimKampi601.csproj", "{2FA0394A-94E3-45DB-898B-08423D01B769}"
EndProject
Global
	GlobalSection(SolutionConfigurationPlatforms) = preSolution
		Debug|Any CPU = Debug|Any CPU
		Release|Any CPU = Release|Any CPU
	EndGlobalSection
	GlobalSection(ProjectConfigurationPlatforms) = postSolution
		{2FA0394A-94E3-45DB-898B-08423D01B769}.Debug|Any CPU.ActiveCfg = Debug|Any CPU
		{2FA0394A-94E3-45DB-898B-08423D01B769}.Debug|Any CPU.Build.0 = Debug|Any CPU
		{2FA0394A-94E3-45DB-898B-08423D01B769}.Release|Any CPU.ActiveCfg = Release|Any CPU
		{2FA0394A-94E3-45DB-898B-08423D01B769}.Release|Any CPU.Build.0 = Release|Any CPU
	EndGlobalSection
	GlobalSection(SolutionProperties) = preSolution
		HideSolutionNode = FALSE
	EndGlobalSection
	GlobalSection(ExtensibilityGlobals) = postSolution
		SolutionGuid = {7F15C59D-FC05-449A-8E3A-F0456115F415}
	EndGlobalSection
EndGlobal
